
Microsoft Visual Studio Solution File, Format Version 12.00
# Visual Studio 15
VisualStudioVersion = 15.0.28010.2046
MinimumVisualStudioVersion = 10.0.40219.1
Project("{8BC9CEB8-8B4A-11D0-8D11-00A0C91BC942}") = "Sandbox", "Sandbox\Sandbox.vcxproj", "{E70F6D85-4244-45AB-A586-BC13CD3BADCF}"
EndProject
Project("{8BC9CEB8-8B4A-11D0-8D11-00A0C91BC942}") = "Bunny", "Bunny\Bunny.vcxproj", "{A2DC4078-C2E4-4237-B0A8-01209B08D4B1}"
EndProject
Global
	GlobalSection(SolutionConfigurationPlatforms) = preSolution
		Debug|x64 = Debug|x64
		Release|x64 = Release|x64
	EndGlobalSection
	GlobalSection(ProjectConfigurationPlatforms) = postSolution
		{E70F6D85-4244-45AB-A586-BC13CD3BADCF}.Debug|x64.ActiveCfg = Debug|x64
		{E70F6D85-4244-45AB-A586-BC13CD3BADCF}.Debug|x64.Build.0 = Debug|x64
		{E70F6D85-4244-45AB-A586-BC13CD3BADCF}.Release|x64.ActiveCfg = Release|x64
		{E70F6D85-4244-45AB-A586-BC13CD3BADCF}.Release|x64.Build.0 = Release|x64
		{A2DC4078-C2E4-4237-B0A8-01209B08D4B1}.Debug|x64.ActiveCfg = Debug|x64
		{A2DC4078-C2E4-4237-B0A8-01209B08D4B1}.Debug|x64.Build.0 = Debug|x64
		{A2DC4078-C2E4-4237-B0A8-01209B08D4B1}.Release|x64.ActiveCfg = Release|x64
		{A2DC4078-C2E4-4237-B0A8-01209B08D4B1}.Release|x64.Build.0 = Release|x64
	EndGlobalSection
	GlobalSection(SolutionProperties) = preSolution
		HideSolutionNode = FALSE
	EndGlobalSection
	GlobalSection(ExtensibilityGlobals) = postSolution
		SolutionGuid = {1609F193-0320-4BAF-AF0F-1E8704B2B6FC}
	EndGlobalSection
EndGlobal
