<?xml version="1.0" encoding="utf-8"?>
<Project ToolsVersion="4.0" xmlns="http://schemas.microsoft.com/developer/msbuild/2003">
  <ItemGroup>
    <Filter Include="Bunny">
      <UniqueIdentifier>{515CEB0C-BD70-13BE-86F2-B61DF2C50FEF}</UniqueIdentifier>
    </Filter>
    <Filter Include="Bunny\DirectX12">
      <UniqueIdentifier>{56576BC2-C2E2-D886-CBF3-5B7B37FE3487}</UniqueIdentifier>
    </Filter>
    <Filter Include="Bunny\Win32">
      <UniqueIdentifier>{F3CC318E-5F82-AA83-E876-A45A542BA187}</UniqueIdentifier>
    </Filter>
    <Filter Include="Bunny\DirectX12\Tut_D3D12HelloTriangle">
      <UniqueIdentifier>{8351af82-6b85-44a9-a6de-fad2173c5dbd}</UniqueIdentifier>
    </Filter>
  </ItemGroup>
  <ItemGroup>
    <ClInclude Include="src\Bunny.h" />
    <ClInclude Include="src\Bunny\Application.h">
      <Filter>Bunny</Filter>
    </ClInclude>
    <ClInclude Include="src\Bunny\Core.h">
      <Filter>Bunny</Filter>
    </ClInclude>
    <ClInclude Include="src\Bunny\DirectX12\d3dx12.h">
      <Filter>Bunny\DirectX12</Filter>
    </ClInclude>
    <ClInclude Include="src\Bunny\EntryPoint.h">
      <Filter>Bunny</Filter>
    </ClInclude>
    <ClInclude Include="src\Bunny\Helpers.h">
      <Filter>Bunny</Filter>
    </ClInclude>
    <ClInclude Include="src\Bunny\Log.h">
      <Filter>Bunny</Filter>
    </ClInclude>
    <ClInclude Include="src\Bunny\Win32\Win32Application.h">
      <Filter>Bunny\Win32</Filter>
    </ClInclude>
    <ClInclude Include="src\Bunny\DirectX12\TUT\D3D12HelloTriangle.h" />
    <ClInclude Include="src\Bunny\DirectX12\TUT\DXSample.h" />
    <ClInclude Include="src\Bunny\DirectX12\TUT\DXSampleHelper.h" />
    <ClInclude Include="src\Bunny\DirectX12\CommandQueue.h" />
    <ClInclude Include="src\Bunny\DirectX12\stdafx.h" />
    <ClInclude Include="src\Bunny\DirectX12\CommandAllocatorPool.h" />
  </ItemGroup>
  <ItemGroup>
    <ClCompile Include="src\Bunny\Application.cpp">
      <Filter>Bunny</Filter>
    </ClCompile>
    <ClCompile Include="src\Bunny\Helpers.cpp">
      <Filter>Bunny</Filter>
    </ClCompile>
    <ClCompile Include="src\Bunny\Log.cpp">
      <Filter>Bunny</Filter>
    </ClCompile>
    <ClCompile Include="src\Bunny\Win32\Win32Application.cpp">
      <Filter>Bunny\Win32</Filter>
    </ClCompile>
    <ClCompile Include="src\Bunny\DirectX12\TUT\D3D12HelloTriangle.cpp" />
    <ClCompile Include="src\Bunny\DirectX12\TUT\DXSample.cpp" />
    <ClCompile Include="src\Bunny\DirectX12\CommandQueue.cpp" />
    <ClCompile Include="src\Bunny\DirectX12\CommandAllocatorPool.cpp" />
  </ItemGroup>
  <ItemGroup>
    <FxCompile Include="src\Bunny\DirectX12\Shaders\shaders.hlsl" />
    <FxCompile Include="src\Bunny\DirectX12\TUT\shaders.hlsl" />
  </ItemGroup>
</Project>