<?xml version="1.0" encoding="utf-8"?>
<Project ToolsVersion="4.0" xmlns="http://schemas.microsoft.com/developer/msbuild/2003">
  <ItemGroup>
    <Filter Include="Bunny">
      <UniqueIdentifier>{515CEB0C-BD70-13BE-86F2-B61DF2C50FEF}</UniqueIdentifier>
    </Filter>
    <Filter Include="Bunny\Graphics">
      <UniqueIdentifier>{222effc9-0c36-463e-afd1-40bd0f659022}</UniqueIdentifier>
    </Filter>
    <Filter Include="Bunny\Graphics\DirectX12">
      <UniqueIdentifier>{56576BC2-C2E2-D886-CBF3-5B7B37FE3487}</UniqueIdentifier>
    </Filter>
    <Filter Include="Bunny\Graphics\DirectX12\Tut_D3D12HelloTriangle">
      <UniqueIdentifier>{8351af82-6b85-44a9-a6de-fad2173c5dbd}</UniqueIdentifier>
    </Filter>
    <Filter Include="Bunny\Platform">
      <UniqueIdentifier>{039dde60-52bf-46e1-9a7c-40471612bbb8}</UniqueIdentifier>
    </Filter>
    <Filter Include="Bunny\Platform\Win32">
      <UniqueIdentifier>{F3CC318E-5F82-AA83-E876-A45A542BA187}</UniqueIdentifier>
    </Filter>
  </ItemGroup>
  <ItemGroup>
    <ClInclude Include="src\Bunny\Core.h">
      <Filter>Bunny</Filter>
    </ClInclude>
    <ClInclude Include="src\Bunny\EntryPoint.h">
      <Filter>Bunny</Filter>
    </ClInclude>
    <ClInclude Include="src\Bunny\Helpers.h">
      <Filter>Bunny</Filter>
    </ClInclude>
    <ClInclude Include="src\Bunny\Log.h">
      <Filter>Bunny</Filter>
    </ClInclude>
    <ClInclude Include="src\Bunny\Application.h">
      <Filter>Bunny</Filter>
    </ClInclude>
    <ClInclude Include="src\Bunny\GraphicsCore.h">
      <Filter>Bunny\Graphics</Filter>
    </ClInclude>
    <ClInclude Include="src\Bunny\DX12Core.h">
      <Filter>Bunny\Graphics\DirectX12</Filter>
    </ClInclude>
    <ClInclude Include="src\Bunny\CommandQueue.h">
      <Filter>Bunny\Graphics\DirectX12</Filter>
    </ClInclude>
    <ClInclude Include="src\Bunny\CommandListManager.h">
      <Filter>Bunny\Graphics\DirectX12</Filter>
    </ClInclude>
    <ClInclude Include="src\Bunny\CommandAllocatorPool.h">
      <Filter>Bunny\Graphics\DirectX12</Filter>
    </ClInclude>
    <ClInclude Include="src\Bunny\D3D12HelloTriangle.h">
      <Filter>Bunny\Graphics\DirectX12\Tut_D3D12HelloTriangle</Filter>
    </ClInclude>
    <ClInclude Include="src\Bunny\DXSample.h">
      <Filter>Bunny\Graphics\DirectX12\Tut_D3D12HelloTriangle</Filter>
    </ClInclude>
    <ClInclude Include="src\Bunny\DXSampleHelper.h">
      <Filter>Bunny\Graphics\DirectX12\Tut_D3D12HelloTriangle</Filter>
    </ClInclude>
    <ClInclude Include="src\Bunny\Bunny.h">
      <Filter>Bunny</Filter>
    </ClInclude>
    <ClInclude Include="src\Bunny\stdafx.h">
      <Filter>Bunny</Filter>
    </ClInclude>
    <ClInclude Include="src\Bunny\d3dx12.h">
      <Filter>Bunny\Graphics\DirectX12</Filter>
    </ClInclude>
    <ClInclude Include="src\Bunny\Win32Application.h">
      <Filter>Bunny\Platform\Win32</Filter>
    </ClInclude>
    <ClInclude Include="src\Bunny\Win32Window.h">
      <Filter>Bunny\Platform\Win32</Filter>
    </ClInclude>
    <ClInclude Include="src\Bunny\Display.h">
      <Filter>Bunny\Graphics\DirectX12</Filter>
    </ClInclude>
    <ClInclude Include="src\Bunny\Platform.h">
      <Filter>Bunny\Platform</Filter>
    </ClInclude>
  </ItemGroup>
  <ItemGroup>
    <ClCompile Include="src\Bunny\Helpers.cpp">
      <Filter>Bunny</Filter>
    </ClCompile>
    <ClCompile Include="src\Bunny\Log.cpp">
      <Filter>Bunny</Filter>
    </ClCompile>
    <ClCompile Include="src\Bunny\Application.cpp">
      <Filter>Bunny</Filter>
    </ClCompile>
    <ClCompile Include="src\Bunny\GraphicsCore.cpp">
      <Filter>Bunny\Graphics</Filter>
    </ClCompile>
    <ClCompile Include="src\Bunny\DX12Core.cpp">
      <Filter>Bunny\Graphics\DirectX12</Filter>
    </ClCompile>
    <ClCompile Include="src\Bunny\CommandQueue.cpp">
      <Filter>Bunny\Graphics\DirectX12</Filter>
    </ClCompile>
    <ClCompile Include="src\Bunny\CommandListManager.cpp">
      <Filter>Bunny\Graphics\DirectX12</Filter>
    </ClCompile>
    <ClCompile Include="src\Bunny\CommandAllocatorPool.cpp">
      <Filter>Bunny\Graphics\DirectX12</Filter>
    </ClCompile>
    <ClCompile Include="src\Bunny\D3D12HelloTriangle.cpp">
      <Filter>Bunny\Graphics\DirectX12\Tut_D3D12HelloTriangle</Filter>
    </ClCompile>
    <ClCompile Include="src\Bunny\DXSample.cpp">
      <Filter>Bunny\Graphics\DirectX12\Tut_D3D12HelloTriangle</Filter>
    </ClCompile>
    <ClCompile Include="src\Bunny\Win32Application.cpp">
      <Filter>Bunny\Platform\Win32</Filter>
    </ClCompile>
    <ClCompile Include="src\Bunny\Win32Window.cpp">
      <Filter>Bunny\Platform\Win32</Filter>
    </ClCompile>
    <ClCompile Include="src\Bunny\Display.cpp">
      <Filter>Bunny\Graphics\DirectX12</Filter>
    </ClCompile>
    <ClCompile Include="src\Bunny\Platform.cpp">
      <Filter>Bunny\Platform</Filter>
    </ClCompile>
  </ItemGroup>
  <ItemGroup>
    <FxCompile Include="src\Bunny\DirectX12\TUT\shaders.hlsl" />
  </ItemGroup>
</Project>